
Microsoft Visual Studio Solution File, Format Version 12.00
Project("{FAE04EC0-301F-11D3-BF4B-00C04F79EFBC}") = "AElf.Cli", "src\AElf.Cli\AElf.Cli.csproj", "{FC72D681-C016-4D09-A5A9-3383F449DC90}"
EndProject
Project("{2150E333-8FDC-42A3-9474-1A3956D46DE8}") = "src", "src", "{5A8E3954-4A8F-4985-B0E4-E8B0E4773683}"
EndProject
Project("{FAE04EC0-301F-11D3-BF4B-00C04F79EFBC}") = "AElf.Blockchains.Single", "src\AElf.Blockchains.Single\AElf.Blockchains.Single.csproj", "{022EB0F6-E4D2-4C6A-8776-73974C3145F8}"
EndProject
Project("{2150E333-8FDC-42A3-9474-1A3956D46DE8}") = "AElf.Blockchains", "src\AElf.Blockchains", "{E8F452BB-28D4-4D68-A97F-BDA945F97909}"
EndProject
Project("{2150E333-8FDC-42A3-9474-1A3956D46DE8}") = "test", "test", "{ECF9A8A9-2D56-4006-9102-CA5927DEB4DF}"
EndProject
Project("{FAE04EC0-301F-11D3-BF4B-00C04F79EFBC}") = "AElf.BIP39", "src\AElf.BIP39\AElf.BIP39.csproj", "{BA6DF5EB-DCF4-4B79-8CC1-116AF5A04294}"
EndProject
Project("{FAE04EC0-301F-11D3-BF4B-00C04F79EFBC}") = "AElf.BIP39.Test", "test\AElf.BIP39.Test\AElf.BIP39.Test.csproj", "{6105E057-D46F-4C4C-B74C-5E87A2AE8C51}"
EndProject
Project("{FAE04EC0-301F-11D3-BF4B-00C04F79EFBC}") = "AElf.BIP32", "src\AElf.BIP32\AElf.BIP32.csproj", "{8CAE5EB3-C0B0-4FD8-970E-DE190482641E}"
EndProject
Project("{FAE04EC0-301F-11D3-BF4B-00C04F79EFBC}") = "AElf.BIP32.Test", "test\AElf.BIP32.Test\AElf.BIP32.Test.csproj", "{297A1D78-615B-440E-B3FB-9EEC8843AB66}"
EndProject
Project("{FAE04EC0-301F-11D3-BF4B-00C04F79EFBC}") = "AElf.Wallet.Test", "test\AElf.Wallet.Test\AElf.Wallet.Test.csproj", "{FA78C30E-DAA8-4D42-886F-2A0925F0D59B}"
EndProject
Project("{FAE04EC0-301F-11D3-BF4B-00C04F79EFBC}") = "AElf.HDWallet", "src\AElf.HDWallet\AElf.HDWallet.csproj", "{817A99BE-B0EB-4E06-B9C5-D9A872F1B25A}"
EndProject
Project("{FAE04EC0-301F-11D3-BF4B-00C04F79EFBC}") = "AElf.HDWallet.Core", "src\AElf.HDWallet.Core\AElf.HDWallet.Core.csproj", "{AC9DE678-4A8E-453D-99FB-F17C1E656225}"
EndProject
Global
	GlobalSection(SolutionConfigurationPlatforms) = preSolution
		Debug|Any CPU = Debug|Any CPU
		Release|Any CPU = Release|Any CPU
	EndGlobalSection
	GlobalSection(ProjectConfigurationPlatforms) = postSolution
		{FC72D681-C016-4D09-A5A9-3383F449DC90}.Debug|Any CPU.ActiveCfg = Debug|Any CPU
		{FC72D681-C016-4D09-A5A9-3383F449DC90}.Debug|Any CPU.Build.0 = Debug|Any CPU
		{FC72D681-C016-4D09-A5A9-3383F449DC90}.Release|Any CPU.ActiveCfg = Release|Any CPU
		{FC72D681-C016-4D09-A5A9-3383F449DC90}.Release|Any CPU.Build.0 = Release|Any CPU
		{022EB0F6-E4D2-4C6A-8776-73974C3145F8}.Debug|Any CPU.ActiveCfg = Debug|Any CPU
		{022EB0F6-E4D2-4C6A-8776-73974C3145F8}.Debug|Any CPU.Build.0 = Debug|Any CPU
		{022EB0F6-E4D2-4C6A-8776-73974C3145F8}.Release|Any CPU.ActiveCfg = Release|Any CPU
		{022EB0F6-E4D2-4C6A-8776-73974C3145F8}.Release|Any CPU.Build.0 = Release|Any CPU
		{BA6DF5EB-DCF4-4B79-8CC1-116AF5A04294}.Debug|Any CPU.ActiveCfg = Debug|Any CPU
		{BA6DF5EB-DCF4-4B79-8CC1-116AF5A04294}.Debug|Any CPU.Build.0 = Debug|Any CPU
		{BA6DF5EB-DCF4-4B79-8CC1-116AF5A04294}.Release|Any CPU.ActiveCfg = Release|Any CPU
		{BA6DF5EB-DCF4-4B79-8CC1-116AF5A04294}.Release|Any CPU.Build.0 = Release|Any CPU
		{6105E057-D46F-4C4C-B74C-5E87A2AE8C51}.Debug|Any CPU.ActiveCfg = Debug|Any CPU
		{6105E057-D46F-4C4C-B74C-5E87A2AE8C51}.Debug|Any CPU.Build.0 = Debug|Any CPU
		{6105E057-D46F-4C4C-B74C-5E87A2AE8C51}.Release|Any CPU.ActiveCfg = Release|Any CPU
		{6105E057-D46F-4C4C-B74C-5E87A2AE8C51}.Release|Any CPU.Build.0 = Release|Any CPU
		{8CAE5EB3-C0B0-4FD8-970E-DE190482641E}.Debug|Any CPU.ActiveCfg = Debug|Any CPU
		{8CAE5EB3-C0B0-4FD8-970E-DE190482641E}.Debug|Any CPU.Build.0 = Debug|Any CPU
		{8CAE5EB3-C0B0-4FD8-970E-DE190482641E}.Release|Any CPU.ActiveCfg = Release|Any CPU
		{8CAE5EB3-C0B0-4FD8-970E-DE190482641E}.Release|Any CPU.Build.0 = Release|Any CPU
		{297A1D78-615B-440E-B3FB-9EEC8843AB66}.Debug|Any CPU.ActiveCfg = Debug|Any CPU
		{297A1D78-615B-440E-B3FB-9EEC8843AB66}.Debug|Any CPU.Build.0 = Debug|Any CPU
		{297A1D78-615B-440E-B3FB-9EEC8843AB66}.Release|Any CPU.ActiveCfg = Release|Any CPU
		{297A1D78-615B-440E-B3FB-9EEC8843AB66}.Release|Any CPU.Build.0 = Release|Any CPU
		{FA78C30E-DAA8-4D42-886F-2A0925F0D59B}.Debug|Any CPU.ActiveCfg = Debug|Any CPU
		{FA78C30E-DAA8-4D42-886F-2A0925F0D59B}.Debug|Any CPU.Build.0 = Debug|Any CPU
		{FA78C30E-DAA8-4D42-886F-2A0925F0D59B}.Release|Any CPU.ActiveCfg = Release|Any CPU
		{FA78C30E-DAA8-4D42-886F-2A0925F0D59B}.Release|Any CPU.Build.0 = Release|Any CPU
		{817A99BE-B0EB-4E06-B9C5-D9A872F1B25A}.Debug|Any CPU.ActiveCfg = Debug|Any CPU
		{817A99BE-B0EB-4E06-B9C5-D9A872F1B25A}.Debug|Any CPU.Build.0 = Debug|Any CPU
		{817A99BE-B0EB-4E06-B9C5-D9A872F1B25A}.Release|Any CPU.ActiveCfg = Release|Any CPU
		{817A99BE-B0EB-4E06-B9C5-D9A872F1B25A}.Release|Any CPU.Build.0 = Release|Any CPU
		{AC9DE678-4A8E-453D-99FB-F17C1E656225}.Debug|Any CPU.ActiveCfg = Debug|Any CPU
		{AC9DE678-4A8E-453D-99FB-F17C1E656225}.Debug|Any CPU.Build.0 = Debug|Any CPU
		{AC9DE678-4A8E-453D-99FB-F17C1E656225}.Release|Any CPU.ActiveCfg = Release|Any CPU
		{AC9DE678-4A8E-453D-99FB-F17C1E656225}.Release|Any CPU.Build.0 = Release|Any CPU
	EndGlobalSection
	GlobalSection(NestedProjects) = preSolution
		{FC72D681-C016-4D09-A5A9-3383F449DC90} = {5A8E3954-4A8F-4985-B0E4-E8B0E4773683}
		{E8F452BB-28D4-4D68-A97F-BDA945F97909} = {5A8E3954-4A8F-4985-B0E4-E8B0E4773683}
		{022EB0F6-E4D2-4C6A-8776-73974C3145F8} = {E8F452BB-28D4-4D68-A97F-BDA945F97909}
		{BA6DF5EB-DCF4-4B79-8CC1-116AF5A04294} = {5A8E3954-4A8F-4985-B0E4-E8B0E4773683}
		{6105E057-D46F-4C4C-B74C-5E87A2AE8C51} = {ECF9A8A9-2D56-4006-9102-CA5927DEB4DF}
		{8CAE5EB3-C0B0-4FD8-970E-DE190482641E} = {5A8E3954-4A8F-4985-B0E4-E8B0E4773683}
		{297A1D78-615B-440E-B3FB-9EEC8843AB66} = {ECF9A8A9-2D56-4006-9102-CA5927DEB4DF}
		{FA78C30E-DAA8-4D42-886F-2A0925F0D59B} = {ECF9A8A9-2D56-4006-9102-CA5927DEB4DF}
		{817A99BE-B0EB-4E06-B9C5-D9A872F1B25A} = {5A8E3954-4A8F-4985-B0E4-E8B0E4773683}
		{AC9DE678-4A8E-453D-99FB-F17C1E656225} = {5A8E3954-4A8F-4985-B0E4-E8B0E4773683}
	EndGlobalSection
EndGlobal
